// !$*UTF8*$!
{
	archiveVersion = 1;
	classes = {
	};
	objectVersion = 51;
	objects = {

/* Begin PBXBuildFile section */
		2D9DB3EDFA7E38B4DD56AF51 /* Pods_MAPD714_Lesson_IOS.framework in Frameworks */ = {isa = PBXBuildFile; fileRef = B00F97CCF469F2AA9F8C93CC /* Pods_MAPD714_Lesson_IOS.framework */; };
		6942419D23861C9C00CA6CF4 /* LoginViewController.swift in Sources */ = {isa = PBXBuildFile; fileRef = 6942419C23861C9C00CA6CF4 /* LoginViewController.swift */; };
		69769F5A2388959200FEC830 /* mainViewController.swift in Sources */ = {isa = PBXBuildFile; fileRef = 69769F592388959200FEC830 /* mainViewController.swift */; };
		697CBC8C23860931000C8A7C /* AppDelegate.swift in Sources */ = {isa = PBXBuildFile; fileRef = 697CBC8B23860931000C8A7C /* AppDelegate.swift */; };
		697CBC8E23860931000C8A7C /* SceneDelegate.swift in Sources */ = {isa = PBXBuildFile; fileRef = 697CBC8D23860931000C8A7C /* SceneDelegate.swift */; };
		697CBC9023860931000C8A7C /* ViewController.swift in Sources */ = {isa = PBXBuildFile; fileRef = 697CBC8F23860931000C8A7C /* ViewController.swift */; };
		697CBC9323860931000C8A7C /* Main.storyboard in Resources */ = {isa = PBXBuildFile; fileRef = 697CBC9123860931000C8A7C /* Main.storyboard */; };
		697CBC9523860933000C8A7C /* Assets.xcassets in Resources */ = {isa = PBXBuildFile; fileRef = 697CBC9423860933000C8A7C /* Assets.xcassets */; };
		697CBC9823860933000C8A7C /* LaunchScreen.storyboard in Resources */ = {isa = PBXBuildFile; fileRef = 697CBC9623860933000C8A7C /* LaunchScreen.storyboard */; };
		697CBCA0238609DE000C8A7C /* GoogleService-Info.plist in Resources */ = {isa = PBXBuildFile; fileRef = 697CBC9F238609DD000C8A7C /* GoogleService-Info.plist */; };
/* End PBXBuildFile section */

/* Begin PBXFileReference section */
		6942419C23861C9C00CA6CF4 /* LoginViewController.swift */ = {isa = PBXFileReference; lastKnownFileType = sourcecode.swift; path = LoginViewController.swift; sourceTree = "<group>"; };
		69769F592388959200FEC830 /* mainViewController.swift */ = {isa = PBXFileReference; lastKnownFileType = sourcecode.swift; path = mainViewController.swift; sourceTree = "<group>"; };
		697CBC8823860931000C8A7C /* MAPD714-Lesson-IOS.app */ = {isa = PBXFileReference; explicitFileType = wrapper.application; includeInIndex = 0; path = "MAPD714-Lesson-IOS.app"; sourceTree = BUILT_PRODUCTS_DIR; };
		697CBC8B23860931000C8A7C /* AppDelegate.swift */ = {isa = PBXFileReference; lastKnownFileType = sourcecode.swift; path = AppDelegate.swift; sourceTree = "<group>"; };
		697CBC8D23860931000C8A7C /* SceneDelegate.swift */ = {isa = PBXFileReference; lastKnownFileType = sourcecode.swift; path = SceneDelegate.swift; sourceTree = "<group>"; };
		697CBC8F23860931000C8A7C /* ViewController.swift */ = {isa = PBXFileReference; lastKnownFileType = sourcecode.swift; path = ViewController.swift; sourceTree = "<group>"; };
		697CBC9223860931000C8A7C /* Base */ = {isa = PBXFileReference; lastKnownFileType = file.storyboard; name = Base; path = Base.lproj/Main.storyboard; sourceTree = "<group>"; };
		697CBC9423860933000C8A7C /* Assets.xcassets */ = {isa = PBXFileReference; lastKnownFileType = folder.assetcatalog; path = Assets.xcassets; sourceTree = "<group>"; };
		697CBC9723860933000C8A7C /* Base */ = {isa = PBXFileReference; lastKnownFileType = file.storyboard; name = Base; path = Base.lproj/LaunchScreen.storyboard; sourceTree = "<group>"; };
		697CBC9923860933000C8A7C /* Info.plist */ = {isa = PBXFileReference; lastKnownFileType = text.plist.xml; path = Info.plist; sourceTree = "<group>"; };
		697CBC9F238609DD000C8A7C /* GoogleService-Info.plist */ = {isa = PBXFileReference; fileEncoding = 4; lastKnownFileType = text.plist.xml; path = "GoogleService-Info.plist"; sourceTree = "<group>"; };
		B00F97CCF469F2AA9F8C93CC /* Pods_MAPD714_Lesson_IOS.framework */ = {isa = PBXFileReference; explicitFileType = wrapper.framework; includeInIndex = 0; path = Pods_MAPD714_Lesson_IOS.framework; sourceTree = BUILT_PRODUCTS_DIR; };
		C4163827D0C2B72683B7BD97 /* Pods-MAPD714-Lesson-IOS.release.xcconfig */ = {isa = PBXFileReference; includeInIndex = 1; lastKnownFileType = text.xcconfig; name = "Pods-MAPD714-Lesson-IOS.release.xcconfig"; path = "Target Support Files/Pods-MAPD714-Lesson-IOS/Pods-MAPD714-Lesson-IOS.release.xcconfig"; sourceTree = "<group>"; };
		E861808A110EE78C06AF5FF6 /* Pods-MAPD714-Lesson-IOS.debug.xcconfig */ = {isa = PBXFileReference; includeInIndex = 1; lastKnownFileType = text.xcconfig; name = "Pods-MAPD714-Lesson-IOS.debug.xcconfig"; path = "Target Support Files/Pods-MAPD714-Lesson-IOS/Pods-MAPD714-Lesson-IOS.debug.xcconfig"; sourceTree = "<group>"; };
/* End PBXFileReference section */

/* Begin PBXFrameworksBuildPhase section */
		697CBC8523860931000C8A7C /* Frameworks */ = {
			isa = PBXFrameworksBuildPhase;
			buildActionMask = 2147483647;
			files = (
				2D9DB3EDFA7E38B4DD56AF51 /* Pods_MAPD714_Lesson_IOS.framework in Frameworks */,
			);
			runOnlyForDeploymentPostprocessing = 0;
		};
/* End PBXFrameworksBuildPhase section */

/* Begin PBXGroup section */
		4A0159C8EE44F2C4A73A3175 /* Frameworks */ = {
			isa = PBXGroup;
			children = (
				B00F97CCF469F2AA9F8C93CC /* Pods_MAPD714_Lesson_IOS.framework */,
			);
			name = Frameworks;
			sourceTree = "<group>";
		};
		697CBC7F23860931000C8A7C = {
			isa = PBXGroup;
			children = (
				697CBC8A23860931000C8A7C /* MAPD714-Lesson-IOS */,
				697CBC8923860931000C8A7C /* Products */,
				7AD39CCED335B932883A7A64 /* Pods */,
				4A0159C8EE44F2C4A73A3175 /* Frameworks */,
			);
			sourceTree = "<group>";
		};
		697CBC8923860931000C8A7C /* Products */ = {
			isa = PBXGroup;
			children = (
				697CBC8823860931000C8A7C /* MAPD714-Lesson-IOS.app */,
			);
			name = Products;
			sourceTree = "<group>";
		};
		697CBC8A23860931000C8A7C /* MAPD714-Lesson-IOS */ = {
			isa = PBXGroup;
			children = (
				697CBC8B23860931000C8A7C /* AppDelegate.swift */,
				697CBC8D23860931000C8A7C /* SceneDelegate.swift */,
				697CBC8F23860931000C8A7C /* ViewController.swift */,
				697CBC9123860931000C8A7C /* Main.storyboard */,
				697CBC9423860933000C8A7C /* Assets.xcassets */,
				697CBC9623860933000C8A7C /* LaunchScreen.storyboard */,
				697CBC9923860933000C8A7C /* Info.plist */,
				697CBC9F238609DD000C8A7C /* GoogleService-Info.plist */,
				6942419C23861C9C00CA6CF4 /* LoginViewController.swift */,
				69769F592388959200FEC830 /* mainViewController.swift */,
			);
			path = "MAPD714-Lesson-IOS";
			sourceTree = "<group>";
		};
		7AD39CCED335B932883A7A64 /* Pods */ = {
			isa = PBXGroup;
			children = (
				E861808A110EE78C06AF5FF6 /* Pods-MAPD714-Lesson-IOS.debug.xcconfig */,
				C4163827D0C2B72683B7BD97 /* Pods-MAPD714-Lesson-IOS.release.xcconfig */,
			);
			path = Pods;
			sourceTree = "<group>";
		};
/* End PBXGroup section */

/* Begin PBXNativeTarget section */
		697CBC8723860931000C8A7C /* MAPD714-Lesson-IOS */ = {
			isa = PBXNativeTarget;
			buildConfigurationList = 697CBC9C23860933000C8A7C /* Build configuration list for PBXNativeTarget "MAPD714-Lesson-IOS" */;
			buildPhases = (
				1F91CAE306C4AB302CAF01D0 /* [CP] Check Pods Manifest.lock */,
				697CBC8423860931000C8A7C /* Sources */,
				697CBC8523860931000C8A7C /* Frameworks */,
				697CBC8623860931000C8A7C /* Resources */,
				17A16A7F57EF2C4A607206EF /* [CP] Embed Pods Frameworks */,
			);
			buildRules = (
			);
			dependencies = (
			);
			name = "MAPD714-Lesson-IOS";
			productName = "MAPD714-Lesson-IOS";
			productReference = 697CBC8823860931000C8A7C /* MAPD714-Lesson-IOS.app */;
			productType = "com.apple.product-type.application";
		};
/* End PBXNativeTarget section */

/* Begin PBXProject section */
		697CBC8023860931000C8A7C /* Project object */ = {
			isa = PBXProject;
			attributes = {
				LastSwiftUpdateCheck = 1110;
				LastUpgradeCheck = 1110;
				ORGANIZATIONNAME = "Harnam kaur";
				TargetAttributes = {
					697CBC8723860931000C8A7C = {
						CreatedOnToolsVersion = 11.1;
					};
				};
			};
			buildConfigurationList = 697CBC8323860931000C8A7C /* Build configuration list for PBXProject "MAPD714-Lesson-IOS" */;
			compatibilityVersion = "Xcode 9.3";
			developmentRegion = en;
			hasScannedForEncodings = 0;
			knownRegions = (
				en,
				Base,
			);
			mainGroup = 697CBC7F23860931000C8A7C;
			productRefGroup = 697CBC8923860931000C8A7C /* Products */;
			projectDirPath = "";
			projectRoot = "";
			targets = (
				697CBC8723860931000C8A7C /* MAPD714-Lesson-IOS */,
			);
		};
/* End PBXProject section */

/* Begin PBXResourcesBuildPhase section */
		697CBC8623860931000C8A7C /* Resources */ = {
			isa = PBXResourcesBuildPhase;
			buildActionMask = 2147483647;
			files = (
				697CBC9823860933000C8A7C /* LaunchScreen.storyboard in Resources */,
				697CBCA0238609DE000C8A7C /* GoogleService-Info.plist in Resources */,
				697CBC9523860933000C8A7C /* Assets.xcassets in Resources */,
				697CBC9323860931000C8A7C /* Main.storyboard in Resources */,
			);
			runOnlyForDeploymentPostprocessing = 0;
		};
/* End PBXResourcesBuildPhase section */

/* Begin PBXShellScriptBuildPhase section */
		17A16A7F57EF2C4A607206EF /* [CP] Embed Pods Frameworks */ = {
			isa = PBXShellScriptBuildPhase;
			buildActionMask = 2147483647;
			files = (
			);
			inputFileListPaths = (
				"${PODS_ROOT}/Target Support Files/Pods-MAPD714-Lesson-IOS/Pods-MAPD714-Lesson-IOS-frameworks-${CONFIGURATION}-input-files.xcfilelist",
			);
			name = "[CP] Embed Pods Frameworks";
			outputFileListPaths = (
				"${PODS_ROOT}/Target Support Files/Pods-MAPD714-Lesson-IOS/Pods-MAPD714-Lesson-IOS-frameworks-${CONFIGURATION}-output-files.xcfilelist",
			);
			runOnlyForDeploymentPostprocessing = 0;
			shellPath = /bin/sh;
			shellScript = "\"${PODS_ROOT}/Target Support Files/Pods-MAPD714-Lesson-IOS/Pods-MAPD714-Lesson-IOS-frameworks.sh\"\n";
			showEnvVarsInLog = 0;
		};
		1F91CAE306C4AB302CAF01D0 /* [CP] Check Pods Manifest.lock */ = {
			isa = PBXShellScriptBuildPhase;
			buildActionMask = 2147483647;
			files = (
			);
			inputFileListPaths = (
			);
			inputPaths = (
				"${PODS_PODFILE_DIR_PATH}/Podfile.lock",
				"${PODS_ROOT}/Manifest.lock",
			);
			name = "[CP] Check Pods Manifest.lock";
			outputFileListPaths = (
			);
			outputPaths = (
				"$(DERIVED_FILE_DIR)/Pods-MAPD714-Lesson-IOS-checkManifestLockResult.txt",
			);
			runOnlyForDeploymentPostprocessing = 0;
			shellPath = /bin/sh;
			shellScript = "diff \"${PODS_PODFILE_DIR_PATH}/Podfile.lock\" \"${PODS_ROOT}/Manifest.lock\" > /dev/null\nif [ $? != 0 ] ; then\n    # print error to STDERR\n    echo \"error: The sandbox is not in sync with the Podfile.lock. Run 'pod install' or update your CocoaPods installation.\" >&2\n    exit 1\nfi\n# This output is used by Xcode 'outputs' to avoid re-running this script phase.\necho \"SUCCESS\" > \"${SCRIPT_OUTPUT_FILE_0}\"\n";
			showEnvVarsInLog = 0;
		};
/* End PBXShellScriptBuildPhase section */

/* Begin PBXSourcesBuildPhase section */
		697CBC8423860931000C8A7C /* Sources */ = {
			isa = PBXSourcesBuildPhase;
			buildActionMask = 2147483647;
			files = (
				6942419D23861C9C00CA6CF4 /* LoginViewController.swift in Sources */,
				697CBC9023860931000C8A7C /* ViewController.swift in Sources */,
				69769F5A2388959200FEC830 /* mainViewController.swift in Sources */,
				697CBC8C23860931000C8A7C /* AppDelegate.swift in Sources */,
				697CBC8E23860931000C8A7C /* SceneDelegate.swift in Sources */,
			);
			runOnlyForDeploymentPostprocessing = 0;
		};
/* End PBXSourcesBuildPhase section */

/* Begin PBXVariantGroup section */
		697CBC9123860931000C8A7C /* Main.storyboard */ = {
			isa = PBXVariantGroup;
			children = (
				697CBC9223860931000C8A7C /* Base */,
			);
			name = Main.storyboard;
			sourceTree = "<group>";
		};
		697CBC9623860933000C8A7C /* LaunchScreen.storyboard */ = {
			isa = PBXVariantGroup;
			children = (
				697CBC9723860933000C8A7C /* Base */,
			);
			name = LaunchScreen.storyboard;
			sourceTree = "<group>";
		};
/* End PBXVariantGroup section */

/* Begin XCBuildConfiguration section */
		697CBC9A23860933000C8A7C /* Debug */ = {
			isa = XCBuildConfiguration;
			buildSettings = {
				ALWAYS_SEARCH_USER_PATHS = NO;
				CLANG_ANALYZER_NONNULL = YES;
				CLANG_ANALYZER_NUMBER_OBJECT_CONVERSION = YES_AGGRESSIVE;
				CLANG_CXX_LANGUAGE_STANDARD = "gnu++14";
				CLANG_CXX_LIBRARY = "libc++";
				CLANG_ENABLE_MODULES = YES;
				CLANG_ENABLE_OBJC_ARC = YES;
				CLANG_ENABLE_OBJC_WEAK = YES;
				CLANG_WARN_BLOCK_CAPTURE_AUTORELEASING = YES;
				CLANG_WARN_BOOL_CONVERSION = YES;
				CLANG_WARN_COMMA = YES;
				CLANG_WARN_CONSTANT_CONVERSION = YES;
				CLANG_WARN_DEPRECATED_OBJC_IMPLEMENTATIONS = YES;
				CLANG_WARN_DIRECT_OBJC_ISA_USAGE = YES_ERROR;
				CLANG_WARN_DOCUMENTATION_COMMENTS = YES;
				CLANG_WARN_EMPTY_BODY = YES;
				CLANG_WARN_ENUM_CONVERSION = YES;
				CLANG_WARN_INFINITE_RECURSION = YES;
				CLANG_WARN_INT_CONVERSION = YES;
				CLANG_WARN_NON_LITERAL_NULL_CONVERSION = YES;
				CLANG_WARN_OBJC_IMPLICIT_RETAIN_SELF = YES;
				CLANG_WARN_OBJC_LITERAL_CONVERSION = YES;
				CLANG_WARN_OBJC_ROOT_CLASS = YES_ERROR;
				CLANG_WARN_RANGE_LOOP_ANALYSIS = YES;
				CLANG_WARN_STRICT_PROTOTYPES = YES;
				CLANG_WARN_SUSPICIOUS_MOVE = YES;
				CLANG_WARN_UNGUARDED_AVAILABILITY = YES_AGGRESSIVE;
				CLANG_WARN_UNREACHABLE_CODE = YES;
				CLANG_WARN__DUPLICATE_METHOD_MATCH = YES;
				COPY_PHASE_STRIP = NO;
				DEBUG_INFORMATION_FORMAT = dwarf;
				ENABLE_STRICT_OBJC_MSGSEND = YES;
				ENABLE_TESTABILITY = YES;
				GCC_C_LANGUAGE_STANDARD = gnu11;
				GCC_DYNAMIC_NO_PIC = NO;
				GCC_NO_COMMON_BLOCKS = YES;
				GCC_OPTIMIZATION_LEVEL = 0;
				GCC_PREPROCESSOR_DEFINITIONS = (
					"DEBUG=1",
					"$(inherited)",
				);
				GCC_WARN_64_TO_32_BIT_CONVERSION = YES;
				GCC_WARN_ABOUT_RETURN_TYPE = YES_ERROR;
				GCC_WARN_UNDECLARED_SELECTOR = YES;
				GCC_WARN_UNINITIALIZED_AUTOS = YES_AGGRESSIVE;
				GCC_WARN_UNUSED_FUNCTION = YES;
				GCC_WARN_UNUSED_VARIABLE = YES;
				IPHONEOS_DEPLOYMENT_TARGET = 13.1;
				MTL_ENABLE_DEBUG_INFO = INCLUDE_SOURCE;
				MTL_FAST_MATH = YES;
				ONLY_ACTIVE_ARCH = YES;
				SDKROOT = iphoneos;
				SWIFT_ACTIVE_COMPILATION_CONDITIONS = DEBUG;
				SWIFT_OPTIMIZATION_LEVEL = "-Onone";
			};
			name = Debug;
		};
		697CBC9B23860933000C8A7C /* Release */ = {
			isa = XCBuildConfiguration;
			buildSettings = {
				ALWAYS_SEARCH_USER_PATHS = NO;
				CLANG_ANALYZER_NONNULL = YES;
				CLANG_ANALYZER_NUMBER_OBJECT_CONVERSION = YES_AGGRESSIVE;
				CLANG_CXX_LANGUAGE_STANDARD = "gnu++14";
				CLANG_CXX_LIBRARY = "libc++";
				CLANG_ENABLE_MODULES = YES;
				CLANG_ENABLE_OBJC_ARC = YES;
				CLANG_ENABLE_OBJC_WEAK = YES;
				CLANG_WARN_BLOCK_CAPTURE_AUTORELEASING = YES;
				CLANG_WARN_BOOL_CONVERSION = YES;
				CLANG_WARN_COMMA = YES;
				CLANG_WARN_CONSTANT_CONVERSION = YES;
				CLANG_WARN_DEPRECATED_OBJC_IMPLEMENTATIONS = YES;
				CLANG_WARN_DIRECT_OBJC_ISA_USAGE = YES_ERROR;
				CLANG_WARN_DOCUMENTATION_COMMENTS = YES;
				CLANG_WARN_EMPTY_BODY = YES;
				CLANG_WARN_ENUM_CONVERSION = YES;
				CLANG_WARN_INFINITE_RECURSION = YES;
				CLANG_WARN_INT_CONVERSION = YES;
				CLANG_WARN_NON_LITERAL_NULL_CONVERSION = YES;
				CLANG_WARN_OBJC_IMPLICIT_RETAIN_SELF = YES;
				CLANG_WARN_OBJC_LITERAL_CONVERSION = YES;
				CLANG_WARN_OBJC_ROOT_CLASS = YES_ERROR;
				CLANG_WARN_RANGE_LOOP_ANALYSIS = YES;
				CLANG_WARN_STRICT_PROTOTYPES = YES;
				CLANG_WARN_SUSPICIOUS_MOVE = YES;
				CLANG_WARN_UNGUARDED_AVAILABILITY = YES_AGGRESSIVE;
				CLANG_WARN_UNREACHABLE_CODE = YES;
				CLANG_WARN__DUPLICATE_METHOD_MATCH = YES;
				COPY_PHASE_STRIP = NO;
				DEBUG_INFORMATION_FORMAT = "dwarf-with-dsym";
				ENABLE_NS_ASSERTIONS = NO;
				ENABLE_STRICT_OBJC_MSGSEND = YES;
				GCC_C_LANGUAGE_STANDARD = gnu11;
				GCC_NO_COMMON_BLOCKS = YES;
				GCC_WARN_64_TO_32_BIT_CONVERSION = YES;
				GCC_WARN_ABOUT_RETURN_TYPE = YES_ERROR;
				GCC_WARN_UNDECLARED_SELECTOR = YES;
				GCC_WARN_UNINITIALIZED_AUTOS = YES_AGGRESSIVE;
				GCC_WARN_UNUSED_FUNCTION = YES;
				GCC_WARN_UNUSED_VARIABLE = YES;
				IPHONEOS_DEPLOYMENT_TARGET = 13.1;
				MTL_ENABLE_DEBUG_INFO = NO;
				MTL_FAST_MATH = YES;
				SDKROOT = iphoneos;
				SWIFT_COMPILATION_MODE = wholemodule;
				SWIFT_OPTIMIZATION_LEVEL = "-O";
				VALIDATE_PRODUCT = YES;
			};
			name = Release;
		};
		697CBC9D23860933000C8A7C /* Debug */ = {
			isa = XCBuildConfiguration;
			baseConfigurationReference = E861808A110EE78C06AF5FF6 /* Pods-MAPD714-Lesson-IOS.debug.xcconfig */;
			buildSettings = {
				ASSETCATALOG_COMPILER_APPICON_NAME = AppIcon;
				CODE_SIGN_STYLE = Automatic;
				DEVELOPMENT_TEAM = 2BULHRS882;
				INFOPLIST_FILE = "MAPD714-Lesson-IOS/Info.plist";
				LD_RUNPATH_SEARCH_PATHS = (
					"$(inherited)",
					"@executable_path/Frameworks",
				);
				PRODUCT_BUNDLE_IDENTIFIER = "ca.centannialcollege.MAPD714-Lesson-IOS";
				PRODUCT_NAME = "$(TARGET_NAME)";
				SWIFT_VERSION = 5.0;
				TARGETED_DEVICE_FAMILY = "1,2";
			};
			name = Debug;
		};
		697CBC9E23860933000C8A7C /* Release */ = {
			isa = XCBuildConfiguration;
			baseConfigurationReference = C4163827D0C2B72683B7BD97 /* Pods-MAPD714-Lesson-IOS.release.xcconfig */;
			buildSettings = {
				ASSETCATALOG_COMPILER_APPICON_NAME = AppIcon;
				CODE_SIGN_STYLE = Automatic;
				DEVELOPMENT_TEAM = 2BULHRS882;
				INFOPLIST_FILE = "MAPD714-Lesson-IOS/Info.plist";
				LD_RUNPATH_SEARCH_PATHS = (
					"$(inherited)",
					"@executable_path/Frameworks",
				);
				PRODUCT_BUNDLE_IDENTIFIER = "ca.centannialcollege.MAPD714-Lesson-IOS";
				PRODUCT_NAME = "$(TARGET_NAME)";
				SWIFT_VERSION = 5.0;
				TARGETED_DEVICE_FAMILY = "1,2";
			};
			name = Release;
		};
/* End XCBuildConfiguration section */

/* Begin XCConfigurationList section */
		697CBC8323860931000C8A7C /* Build configuration list for PBXProject "MAPD714-Lesson-IOS" */ = {
			isa = XCConfigurationList;
			buildConfigurations = (
				697CBC9A23860933000C8A7C /* Debug */,
				697CBC9B23860933000C8A7C /* Release */,
			);
			defaultConfigurationIsVisible = 0;
			defaultConfigurationName = Release;
		};
		697CBC9C23860933000C8A7C /* Build configuration list for PBXNativeTarget "MAPD714-Lesson-IOS" */ = {
			isa = XCConfigurationList;
			buildConfigurations = (
				697CBC9D23860933000C8A7C /* Debug */,
				697CBC9E23860933000C8A7C /* Release */,
			);
			defaultConfigurationIsVisible = 0;
			defaultConfigurationName = Release;
		};
/* End XCConfigurationList section */
	};
	rootObject = 697CBC8023860931000C8A7C /* Project object */;
}
